
Microsoft Visual Studio Solution File, Format Version 11.00
# Visual Studio 2010
Project("{FAE04EC0-301F-11D3-BF4B-00C04F79EFBC}") = "Assembly-CSharp", "Assembly-CSharp.csproj", "{d1357938-878e-e7b5-6ef5-067dfbb5c2ed}"
EndProject
Project("{FAE04EC0-301F-11D3-BF4B-00C04F79EFBC}") = "Assembly-CSharp-Editor", "Assembly-CSharp-Editor.csproj", "{51df3833-d238-beae-a319-7d85ca8c3d45}"
EndProject
Global
	GlobalSection(SolutionConfigurationPlatforms) = preSolution
		Debug|Any CPU = Debug|Any CPU
	EndGlobalSection
	GlobalSection(ProjectConfigurationPlatforms) = postSolution
		{d1357938-878e-e7b5-6ef5-067dfbb5c2ed}.Debug|Any CPU.ActiveCfg = Debug|Any CPU
		{d1357938-878e-e7b5-6ef5-067dfbb5c2ed}.Debug|Any CPU.Build.0 = Debug|Any CPU
		{51df3833-d238-beae-a319-7d85ca8c3d45}.Debug|Any CPU.ActiveCfg = Debug|Any CPU
		{51df3833-d238-beae-a319-7d85ca8c3d45}.Debug|Any CPU.Build.0 = Debug|Any CPU
	EndGlobalSection
	GlobalSection(SolutionProperties) = preSolution
		HideSolutionNode = FALSE
	EndGlobalSection
EndGlobal
